
Microsoft Visual Studio Solution File, Format Version 12.00
# Visual Studio Version 16
VisualStudioVersion = 16.0.32106.194
MinimumVisualStudioVersion = 10.0.40219.1
Project("{FAE04EC0-301F-11D3-BF4B-00C04F79EFBC}") = "Shop_on_xamarin.Android", "Shop_on_xamarin\Shop_on_xamarin.Android\Shop_on_xamarin.Android.csproj", "{CA428694-8508-464E-98BF-98CF3A09FC13}"
EndProject
Project("{9A19103F-16F7-4668-BE54-9A1E7A4F7556}") = "Shop_on_xamarin", "Shop_on_xamarin\Shop_on_xamarin\Shop_on_xamarin.csproj", "{58AD2A80-E77A-44FF-B405-426F9A9AD790}"
EndProject
Project("{9A19103F-16F7-4668-BE54-9A1E7A4F7556}") = "Identity-Server", "Brain_ASP.NET\IdentityServer\Identity-Server.csproj", "{1D31CBA0-2E0C-47C0-859F-29B0F9A2796D}"
EndProject
Project("{9A19103F-16F7-4668-BE54-9A1E7A4F7556}") = "ClassLibrary", "ClassLibrary\ClassLibrary.csproj", "{C931DCE1-00A0-486D-8E9D-D10DAAF3AABC}"
EndProject
Project("{9A19103F-16F7-4668-BE54-9A1E7A4F7556}") = "Models", "Brain_ASP.NET\Models\Models.csproj", "{2A8F3250-F5BB-4E7D-8C34-480E3DC8771F}"
EndProject
Global
	GlobalSection(SolutionConfigurationPlatforms) = preSolution
		Debug|Any CPU = Debug|Any CPU
		Debug|iPhone = Debug|iPhone
		Debug|iPhoneSimulator = Debug|iPhoneSimulator
		Release|Any CPU = Release|Any CPU
		Release|iPhone = Release|iPhone
		Release|iPhoneSimulator = Release|iPhoneSimulator
	EndGlobalSection
	GlobalSection(ProjectConfigurationPlatforms) = postSolution
		{CA428694-8508-464E-98BF-98CF3A09FC13}.Debug|Any CPU.ActiveCfg = Debug|Any CPU
		{CA428694-8508-464E-98BF-98CF3A09FC13}.Debug|Any CPU.Build.0 = Debug|Any CPU
		{CA428694-8508-464E-98BF-98CF3A09FC13}.Debug|Any CPU.Deploy.0 = Debug|Any CPU
		{CA428694-8508-464E-98BF-98CF3A09FC13}.Debug|iPhone.ActiveCfg = Debug|Any CPU
		{CA428694-8508-464E-98BF-98CF3A09FC13}.Debug|iPhone.Build.0 = Debug|Any CPU
		{CA428694-8508-464E-98BF-98CF3A09FC13}.Debug|iPhone.Deploy.0 = Debug|Any CPU
		{CA428694-8508-464E-98BF-98CF3A09FC13}.Debug|iPhoneSimulator.ActiveCfg = Debug|Any CPU
		{CA428694-8508-464E-98BF-98CF3A09FC13}.Debug|iPhoneSimulator.Build.0 = Debug|Any CPU
		{CA428694-8508-464E-98BF-98CF3A09FC13}.Debug|iPhoneSimulator.Deploy.0 = Debug|Any CPU
		{CA428694-8508-464E-98BF-98CF3A09FC13}.Release|Any CPU.ActiveCfg = Release|Any CPU
		{CA428694-8508-464E-98BF-98CF3A09FC13}.Release|Any CPU.Build.0 = Release|Any CPU
		{CA428694-8508-464E-98BF-98CF3A09FC13}.Release|Any CPU.Deploy.0 = Release|Any CPU
		{CA428694-8508-464E-98BF-98CF3A09FC13}.Release|iPhone.ActiveCfg = Release|Any CPU
		{CA428694-8508-464E-98BF-98CF3A09FC13}.Release|iPhone.Build.0 = Release|Any CPU
		{CA428694-8508-464E-98BF-98CF3A09FC13}.Release|iPhone.Deploy.0 = Release|Any CPU
		{CA428694-8508-464E-98BF-98CF3A09FC13}.Release|iPhoneSimulator.ActiveCfg = Release|Any CPU
		{CA428694-8508-464E-98BF-98CF3A09FC13}.Release|iPhoneSimulator.Build.0 = Release|Any CPU
		{CA428694-8508-464E-98BF-98CF3A09FC13}.Release|iPhoneSimulator.Deploy.0 = Release|Any CPU
		{58AD2A80-E77A-44FF-B405-426F9A9AD790}.Debug|Any CPU.ActiveCfg = Debug|Any CPU
		{58AD2A80-E77A-44FF-B405-426F9A9AD790}.Debug|Any CPU.Build.0 = Debug|Any CPU
		{58AD2A80-E77A-44FF-B405-426F9A9AD790}.Debug|Any CPU.Deploy.0 = Debug|Any CPU
		{58AD2A80-E77A-44FF-B405-426F9A9AD790}.Debug|iPhone.ActiveCfg = Debug|Any CPU
		{58AD2A80-E77A-44FF-B405-426F9A9AD790}.Debug|iPhone.Build.0 = Debug|Any CPU
		{58AD2A80-E77A-44FF-B405-426F9A9AD790}.Debug|iPhone.Deploy.0 = Debug|Any CPU
		{58AD2A80-E77A-44FF-B405-426F9A9AD790}.Debug|iPhoneSimulator.ActiveCfg = Debug|Any CPU
		{58AD2A80-E77A-44FF-B405-426F9A9AD790}.Debug|iPhoneSimulator.Build.0 = Debug|Any CPU
		{58AD2A80-E77A-44FF-B405-426F9A9AD790}.Debug|iPhoneSimulator.Deploy.0 = Debug|Any CPU
		{58AD2A80-E77A-44FF-B405-426F9A9AD790}.Release|Any CPU.ActiveCfg = Release|Any CPU
		{58AD2A80-E77A-44FF-B405-426F9A9AD790}.Release|Any CPU.Build.0 = Release|Any CPU
		{58AD2A80-E77A-44FF-B405-426F9A9AD790}.Release|Any CPU.Deploy.0 = Release|Any CPU
		{58AD2A80-E77A-44FF-B405-426F9A9AD790}.Release|iPhone.ActiveCfg = Release|Any CPU
		{58AD2A80-E77A-44FF-B405-426F9A9AD790}.Release|iPhone.Build.0 = Release|Any CPU
		{58AD2A80-E77A-44FF-B405-426F9A9AD790}.Release|iPhone.Deploy.0 = Release|Any CPU
		{58AD2A80-E77A-44FF-B405-426F9A9AD790}.Release|iPhoneSimulator.ActiveCfg = Release|Any CPU
		{58AD2A80-E77A-44FF-B405-426F9A9AD790}.Release|iPhoneSimulator.Build.0 = Release|Any CPU
		{58AD2A80-E77A-44FF-B405-426F9A9AD790}.Release|iPhoneSimulator.Deploy.0 = Release|Any CPU
		{1D31CBA0-2E0C-47C0-859F-29B0F9A2796D}.Debug|Any CPU.ActiveCfg = Debug|Any CPU
		{1D31CBA0-2E0C-47C0-859F-29B0F9A2796D}.Debug|Any CPU.Build.0 = Debug|Any CPU
		{1D31CBA0-2E0C-47C0-859F-29B0F9A2796D}.Debug|iPhone.ActiveCfg = Debug|Any CPU
		{1D31CBA0-2E0C-47C0-859F-29B0F9A2796D}.Debug|iPhone.Build.0 = Debug|Any CPU
		{1D31CBA0-2E0C-47C0-859F-29B0F9A2796D}.Debug|iPhoneSimulator.ActiveCfg = Debug|Any CPU
		{1D31CBA0-2E0C-47C0-859F-29B0F9A2796D}.Debug|iPhoneSimulator.Build.0 = Debug|Any CPU
		{1D31CBA0-2E0C-47C0-859F-29B0F9A2796D}.Release|Any CPU.ActiveCfg = Release|Any CPU
		{1D31CBA0-2E0C-47C0-859F-29B0F9A2796D}.Release|Any CPU.Build.0 = Release|Any CPU
		{1D31CBA0-2E0C-47C0-859F-29B0F9A2796D}.Release|iPhone.ActiveCfg = Release|Any CPU
		{1D31CBA0-2E0C-47C0-859F-29B0F9A2796D}.Release|iPhone.Build.0 = Release|Any CPU
		{1D31CBA0-2E0C-47C0-859F-29B0F9A2796D}.Release|iPhoneSimulator.ActiveCfg = Release|Any CPU
		{1D31CBA0-2E0C-47C0-859F-29B0F9A2796D}.Release|iPhoneSimulator.Build.0 = Release|Any CPU
		{C931DCE1-00A0-486D-8E9D-D10DAAF3AABC}.Debug|Any CPU.ActiveCfg = Debug|Any CPU
		{C931DCE1-00A0-486D-8E9D-D10DAAF3AABC}.Debug|Any CPU.Build.0 = Debug|Any CPU
		{C931DCE1-00A0-486D-8E9D-D10DAAF3AABC}.Debug|iPhone.ActiveCfg = Debug|Any CPU
		{C931DCE1-00A0-486D-8E9D-D10DAAF3AABC}.Debug|iPhone.Build.0 = Debug|Any CPU
		{C931DCE1-00A0-486D-8E9D-D10DAAF3AABC}.Debug|iPhoneSimulator.ActiveCfg = Debug|Any CPU
		{C931DCE1-00A0-486D-8E9D-D10DAAF3AABC}.Debug|iPhoneSimulator.Build.0 = Debug|Any CPU
		{C931DCE1-00A0-486D-8E9D-D10DAAF3AABC}.Release|Any CPU.ActiveCfg = Release|Any CPU
		{C931DCE1-00A0-486D-8E9D-D10DAAF3AABC}.Release|Any CPU.Build.0 = Release|Any CPU
		{C931DCE1-00A0-486D-8E9D-D10DAAF3AABC}.Release|iPhone.ActiveCfg = Release|Any CPU
		{C931DCE1-00A0-486D-8E9D-D10DAAF3AABC}.Release|iPhone.Build.0 = Release|Any CPU
		{C931DCE1-00A0-486D-8E9D-D10DAAF3AABC}.Release|iPhoneSimulator.ActiveCfg = Release|Any CPU
		{C931DCE1-00A0-486D-8E9D-D10DAAF3AABC}.Release|iPhoneSimulator.Build.0 = Release|Any CPU
		{2A8F3250-F5BB-4E7D-8C34-480E3DC8771F}.Debug|Any CPU.ActiveCfg = Debug|Any CPU
		{2A8F3250-F5BB-4E7D-8C34-480E3DC8771F}.Debug|Any CPU.Build.0 = Debug|Any CPU
		{2A8F3250-F5BB-4E7D-8C34-480E3DC8771F}.Debug|iPhone.ActiveCfg = Debug|Any CPU
		{2A8F3250-F5BB-4E7D-8C34-480E3DC8771F}.Debug|iPhone.Build.0 = Debug|Any CPU
		{2A8F3250-F5BB-4E7D-8C34-480E3DC8771F}.Debug|iPhoneSimulator.ActiveCfg = Debug|Any CPU
		{2A8F3250-F5BB-4E7D-8C34-480E3DC8771F}.Debug|iPhoneSimulator.Build.0 = Debug|Any CPU
		{2A8F3250-F5BB-4E7D-8C34-480E3DC8771F}.Release|Any CPU.ActiveCfg = Release|Any CPU
		{2A8F3250-F5BB-4E7D-8C34-480E3DC8771F}.Release|Any CPU.Build.0 = Release|Any CPU
		{2A8F3250-F5BB-4E7D-8C34-480E3DC8771F}.Release|iPhone.ActiveCfg = Release|Any CPU
		{2A8F3250-F5BB-4E7D-8C34-480E3DC8771F}.Release|iPhone.Build.0 = Release|Any CPU
		{2A8F3250-F5BB-4E7D-8C34-480E3DC8771F}.Release|iPhoneSimulator.ActiveCfg = Release|Any CPU
		{2A8F3250-F5BB-4E7D-8C34-480E3DC8771F}.Release|iPhoneSimulator.Build.0 = Release|Any CPU
	EndGlobalSection
	GlobalSection(SolutionProperties) = preSolution
		HideSolutionNode = FALSE
	EndGlobalSection
	GlobalSection(ExtensibilityGlobals) = postSolution
		SolutionGuid = {184ADC53-BA04-4A38-A3EE-3298345A09EE}
	EndGlobalSection
EndGlobal
