
Microsoft Visual Studio Solution File, Format Version 12.00
# Visual Studio Version 16
VisualStudioVersion = 16.0.32106.194
MinimumVisualStudioVersion = 10.0.40219.1
Project("{FAE04EC0-301F-11D3-BF4B-00C04F79EFBC}") = "Brain_ASP.NET", "Brain_ASP.NET\Brain_ASP.NET.csproj", "{BB016E00-B950-4D02-A947-E116CE95579F}"
EndProject
Global
	GlobalSection(SolutionConfigurationPlatforms) = preSolution
		Debug|Any CPU = Debug|Any CPU
		Release|Any CPU = Release|Any CPU
	EndGlobalSection
	GlobalSection(ProjectConfigurationPlatforms) = postSolution
		{BB016E00-B950-4D02-A947-E116CE95579F}.Debug|Any CPU.ActiveCfg = Debug|Any CPU
		{BB016E00-B950-4D02-A947-E116CE95579F}.Debug|Any CPU.Build.0 = Debug|Any CPU
		{BB016E00-B950-4D02-A947-E116CE95579F}.Release|Any CPU.ActiveCfg = Release|Any CPU
		{BB016E00-B950-4D02-A947-E116CE95579F}.Release|Any CPU.Build.0 = Release|Any CPU
	EndGlobalSection
	GlobalSection(SolutionProperties) = preSolution
		HideSolutionNode = FALSE
	EndGlobalSection
	GlobalSection(ExtensibilityGlobals) = postSolution
		SolutionGuid = {3342DBE9-0159-4C54-BEDE-4CB3F5A6E261}
	EndGlobalSection
EndGlobal
